
Microsoft Visual Studio Solution File, Format Version 12.00
# Visual Studio Version 17
VisualStudioVersion = 17.13.35828.75 d17.13
MinimumVisualStudioVersion = 10.0.40219.1
Project("{FAE04EC0-301F-11D3-BF4B-00C04F79EFBC}") = "ConsoleApp70", "ConsoleApp70\ConsoleApp70.csproj", "{4CAC3879-63A6-4563-8A45-5B6ED624DBFA}"
EndProject
Global
	GlobalSection(SolutionConfigurationPlatforms) = preSolution
		Debug|Any CPU = Debug|Any CPU
		Release|Any CPU = Release|Any CPU
	EndGlobalSection
	GlobalSection(ProjectConfigurationPlatforms) = postSolution
		{4CAC3879-63A6-4563-8A45-5B6ED624DBFA}.Debug|Any CPU.ActiveCfg = Debug|Any CPU
		{4CAC3879-63A6-4563-8A45-5B6ED624DBFA}.Debug|Any CPU.Build.0 = Debug|Any CPU
		{4CAC3879-63A6-4563-8A45-5B6ED624DBFA}.Release|Any CPU.ActiveCfg = Release|Any CPU
		{4CAC3879-63A6-4563-8A45-5B6ED624DBFA}.Release|Any CPU.Build.0 = Release|Any CPU
	EndGlobalSection
	GlobalSection(SolutionProperties) = preSolution
		HideSolutionNode = FALSE
	EndGlobalSection
	GlobalSection(ExtensibilityGlobals) = postSolution
		SolutionGuid = {A0A18394-D466-4219-9F4D-F62273611D56}
	EndGlobalSection
EndGlobal
