
Microsoft Visual Studio Solution File, Format Version 12.00
# Visual Studio Version 17
VisualStudioVersion = 17.13.35828.75 d17.13
MinimumVisualStudioVersion = 10.0.40219.1
Project("{FAE04EC0-301F-11D3-BF4B-00C04F79EFBC}") = "SubstringCounter", "SubstringCounter\SubstringCounter.csproj", "{4BD901D3-9BD4-4304-92CE-D892060B0190}"
EndProject
Global
	GlobalSection(SolutionConfigurationPlatforms) = preSolution
		Debug|Any CPU = Debug|Any CPU
		Release|Any CPU = Release|Any CPU
	EndGlobalSection
	GlobalSection(ProjectConfigurationPlatforms) = postSolution
		{4BD901D3-9BD4-4304-92CE-D892060B0190}.Debug|Any CPU.ActiveCfg = Debug|Any CPU
		{4BD901D3-9BD4-4304-92CE-D892060B0190}.Debug|Any CPU.Build.0 = Debug|Any CPU
		{4BD901D3-9BD4-4304-92CE-D892060B0190}.Release|Any CPU.ActiveCfg = Release|Any CPU
		{4BD901D3-9BD4-4304-92CE-D892060B0190}.Release|Any CPU.Build.0 = Release|Any CPU
	EndGlobalSection
	GlobalSection(SolutionProperties) = preSolution
		HideSolutionNode = FALSE
	EndGlobalSection
	GlobalSection(ExtensibilityGlobals) = postSolution
		SolutionGuid = {782DAB7A-E961-4E5D-8734-CB9B28F286F7}
	EndGlobalSection
EndGlobal
